
Microsoft Visual Studio Solution File, Format Version 12.00
# Visual Studio Version 17
VisualStudioVersion = 17.2.32630.192
MinimumVisualStudioVersion = 10.0.40219.1
Project("{9A19103F-16F7-4668-BE54-9A1E7A4F7556}") = "Laboratorna_3_pz", "Laboratorna_3_pz\Laboratorna_3_pz.csproj", "{060B086F-2D39-4371-8A55-200AEAE47C0D}"
EndProject
Project("{FAE04EC0-301F-11D3-BF4B-00C04F79EFBC}") = "Laboratorna_3_pzTests", "Laboratorna_3_pzTests\Laboratorna_3_pzTests.csproj", "{206768F3-1C6A-44C6-848E-7A6C4713F317}"
EndProject
Global
	GlobalSection(SolutionConfigurationPlatforms) = preSolution
		Debug|Any CPU = Debug|Any CPU
		Release|Any CPU = Release|Any CPU
	EndGlobalSection
	GlobalSection(ProjectConfigurationPlatforms) = postSolution
		{060B086F-2D39-4371-8A55-200AEAE47C0D}.Debug|Any CPU.ActiveCfg = Debug|Any CPU
		{060B086F-2D39-4371-8A55-200AEAE47C0D}.Debug|Any CPU.Build.0 = Debug|Any CPU
		{060B086F-2D39-4371-8A55-200AEAE47C0D}.Release|Any CPU.ActiveCfg = Release|Any CPU
		{060B086F-2D39-4371-8A55-200AEAE47C0D}.Release|Any CPU.Build.0 = Release|Any CPU
		{206768F3-1C6A-44C6-848E-7A6C4713F317}.Debug|Any CPU.ActiveCfg = Debug|Any CPU
		{206768F3-1C6A-44C6-848E-7A6C4713F317}.Debug|Any CPU.Build.0 = Debug|Any CPU
		{206768F3-1C6A-44C6-848E-7A6C4713F317}.Release|Any CPU.ActiveCfg = Release|Any CPU
		{206768F3-1C6A-44C6-848E-7A6C4713F317}.Release|Any CPU.Build.0 = Release|Any CPU
	EndGlobalSection
	GlobalSection(SolutionProperties) = preSolution
		HideSolutionNode = FALSE
	EndGlobalSection
	GlobalSection(ExtensibilityGlobals) = postSolution
		SolutionGuid = {9541DE49-8128-4209-9EFC-3FD1C4E542D3}
	EndGlobalSection
EndGlobal
