
Microsoft Visual Studio Solution File, Format Version 12.00
# Visual Studio Version 17
VisualStudioVersion = 17.2.32630.192
MinimumVisualStudioVersion = 10.0.40219.1
Project("{FAE04EC0-301F-11D3-BF4B-00C04F79EFBC}") = "lab_3_pz_framework", "lab_3_pz_framework\lab_3_pz_framework.csproj", "{D44DAF61-604B-4AF5-AD40-DC2E9F26285E}"
EndProject
Project("{FAE04EC0-301F-11D3-BF4B-00C04F79EFBC}") = "lab_3_pz_frameworkTests", "lab_3_pz_frameworkTests\lab_3_pz_frameworkTests.csproj", "{26A6C33E-73EC-443B-BD62-EE2EA79F3C1A}"
EndProject
Global
	GlobalSection(SolutionConfigurationPlatforms) = preSolution
		Debug|Any CPU = Debug|Any CPU
		Release|Any CPU = Release|Any CPU
	EndGlobalSection
	GlobalSection(ProjectConfigurationPlatforms) = postSolution
		{D44DAF61-604B-4AF5-AD40-DC2E9F26285E}.Debug|Any CPU.ActiveCfg = Debug|Any CPU
		{D44DAF61-604B-4AF5-AD40-DC2E9F26285E}.Debug|Any CPU.Build.0 = Debug|Any CPU
		{D44DAF61-604B-4AF5-AD40-DC2E9F26285E}.Release|Any CPU.ActiveCfg = Release|Any CPU
		{D44DAF61-604B-4AF5-AD40-DC2E9F26285E}.Release|Any CPU.Build.0 = Release|Any CPU
		{26A6C33E-73EC-443B-BD62-EE2EA79F3C1A}.Debug|Any CPU.ActiveCfg = Debug|Any CPU
		{26A6C33E-73EC-443B-BD62-EE2EA79F3C1A}.Debug|Any CPU.Build.0 = Debug|Any CPU
		{26A6C33E-73EC-443B-BD62-EE2EA79F3C1A}.Release|Any CPU.ActiveCfg = Release|Any CPU
		{26A6C33E-73EC-443B-BD62-EE2EA79F3C1A}.Release|Any CPU.Build.0 = Release|Any CPU
	EndGlobalSection
	GlobalSection(SolutionProperties) = preSolution
		HideSolutionNode = FALSE
	EndGlobalSection
	GlobalSection(ExtensibilityGlobals) = postSolution
		SolutionGuid = {92CB696C-B5AA-4DF2-B080-4F321DDCFADE}
	EndGlobalSection
EndGlobal
